
Microsoft Visual Studio Solution File, Format Version 10.00
# Visual C++ Express 2008
Project("{8BC9CEB8-8B4A-11D0-8D11-00A0C91BC942}") = "SpaceBattle", "SpaceBattle.vcproj", "{7FA3CEA1-0AFF-4AAA-AA81-4E856B0A0341}"
EndProject
Global
	GlobalSection(SolutionConfigurationPlatforms) = preSolution
		Debug|Win32 = Debug|Win32
		Release|Win32 = Release|Win32
	EndGlobalSection
	GlobalSection(ProjectConfigurationPlatforms) = postSolution
		{7FA3CEA1-0AFF-4AAA-AA81-4E856B0A0341}.Debug|Win32.ActiveCfg = Debug|Win32
		{7FA3CEA1-0AFF-4AAA-AA81-4E856B0A0341}.Debug|Win32.Build.0 = Debug|Win32
		{7FA3CEA1-0AFF-4AAA-AA81-4E856B0A0341}.Release|Win32.ActiveCfg = Release|Win32
		{7FA3CEA1-0AFF-4AAA-AA81-4E856B0A0341}.Release|Win32.Build.0 = Release|Win32
	EndGlobalSection
	GlobalSection(SolutionProperties) = preSolution
		HideSolutionNode = FALSE
	EndGlobalSection
EndGlobal
